
Microsoft Visual Studio Solution File, Format Version 12.00
# Visual Studio 2013
VisualStudioVersion = 12.0.30110.0
MinimumVisualStudioVersion = 10.0.40219.1
Project("{FAE04EC0-301F-11D3-BF4B-00C04F79EFBC}") = "Rentler.SmartyStreets", "Rentler.SmartyStreets\Rentler.SmartyStreets.csproj", "{5737E7F8-BB64-4127-B0DC-C261EF2EB02D}"
EndProject
Project("{FAE04EC0-301F-11D3-BF4B-00C04F79EFBC}") = "Rentler.SmartyStreets.Example", "Rentler.SmartyStreets.Example\Rentler.SmartyStreets.Example.csproj", "{84EDA25D-4EB6-4442-B680-C59B2C2C0E5A}"
EndProject
Global
	GlobalSection(SolutionConfigurationPlatforms) = preSolution
		Debug|Any CPU = Debug|Any CPU
		Release|Any CPU = Release|Any CPU
	EndGlobalSection
	GlobalSection(ProjectConfigurationPlatforms) = postSolution
		{5737E7F8-BB64-4127-B0DC-C261EF2EB02D}.Debug|Any CPU.ActiveCfg = Debug|Any CPU
		{5737E7F8-BB64-4127-B0DC-C261EF2EB02D}.Debug|Any CPU.Build.0 = Debug|Any CPU
		{5737E7F8-BB64-4127-B0DC-C261EF2EB02D}.Release|Any CPU.ActiveCfg = Release|Any CPU
		{5737E7F8-BB64-4127-B0DC-C261EF2EB02D}.Release|Any CPU.Build.0 = Release|Any CPU
		{84EDA25D-4EB6-4442-B680-C59B2C2C0E5A}.Debug|Any CPU.ActiveCfg = Debug|Any CPU
		{84EDA25D-4EB6-4442-B680-C59B2C2C0E5A}.Debug|Any CPU.Build.0 = Debug|Any CPU
		{84EDA25D-4EB6-4442-B680-C59B2C2C0E5A}.Release|Any CPU.ActiveCfg = Release|Any CPU
		{84EDA25D-4EB6-4442-B680-C59B2C2C0E5A}.Release|Any CPU.Build.0 = Release|Any CPU
	EndGlobalSection
	GlobalSection(SolutionProperties) = preSolution
		HideSolutionNode = FALSE
	EndGlobalSection
EndGlobal
